
Microsoft Visual Studio Solution File, Format Version 12.00
# Visual Studio Version 17
VisualStudioVersion = 17.7.34202.233
MinimumVisualStudioVersion = 10.0.40219.1
Project("{FAE04EC0-301F-11D3-BF4B-00C04F79EFBC}") = "WebBMISize", "WebBMISize.csproj", "{149D064A-34C2-4E2C-9CEA-F4D8BDB0681B}"
EndProject
Project("{2150E333-8FDC-42A3-9474-1A3956D46DE8}") = "Solution Items", "Solution Items", "{D2ED5342-C559-40D4-9028-B30C82815899}"
	ProjectSection(SolutionItems) = preProject
		gender.xml = gender.xml
	EndProjectSection
EndProject
Global
	GlobalSection(SolutionConfigurationPlatforms) = preSolution
		Debug|Any CPU = Debug|Any CPU
		Release|Any CPU = Release|Any CPU
	EndGlobalSection
	GlobalSection(ProjectConfigurationPlatforms) = postSolution
		{149D064A-34C2-4E2C-9CEA-F4D8BDB0681B}.Debug|Any CPU.ActiveCfg = Debug|Any CPU
		{149D064A-34C2-4E2C-9CEA-F4D8BDB0681B}.Debug|Any CPU.Build.0 = Debug|Any CPU
		{149D064A-34C2-4E2C-9CEA-F4D8BDB0681B}.Release|Any CPU.ActiveCfg = Release|Any CPU
		{149D064A-34C2-4E2C-9CEA-F4D8BDB0681B}.Release|Any CPU.Build.0 = Release|Any CPU
	EndGlobalSection
	GlobalSection(SolutionProperties) = preSolution
		HideSolutionNode = FALSE
	EndGlobalSection
	GlobalSection(ExtensibilityGlobals) = postSolution
		SolutionGuid = {9030E9BF-00EB-497D-96B0-303BBEC4EF73}
	EndGlobalSection
EndGlobal
